
Microsoft Visual Studio Solution File, Format Version 12.00
# Visual Studio Version 17
VisualStudioVersion = 17.10.34928.147
MinimumVisualStudioVersion = 10.0.40219.1
Project("{FAE04EC0-301F-11D3-BF4B-00C04F79EFBC}") = "Homework1", "Homework1\Homework1.csproj", "{ED27A99F-968D-4C97-BEA6-349885E4109C}"
EndProject
Global
	GlobalSection(SolutionConfigurationPlatforms) = preSolution
		Debug|Any CPU = Debug|Any CPU
		Release|Any CPU = Release|Any CPU
	EndGlobalSection
	GlobalSection(ProjectConfigurationPlatforms) = postSolution
		{ED27A99F-968D-4C97-BEA6-349885E4109C}.Debug|Any CPU.ActiveCfg = Debug|Any CPU
		{ED27A99F-968D-4C97-BEA6-349885E4109C}.Debug|Any CPU.Build.0 = Debug|Any CPU
		{ED27A99F-968D-4C97-BEA6-349885E4109C}.Release|Any CPU.ActiveCfg = Release|Any CPU
		{ED27A99F-968D-4C97-BEA6-349885E4109C}.Release|Any CPU.Build.0 = Release|Any CPU
	EndGlobalSection
	GlobalSection(SolutionProperties) = preSolution
		HideSolutionNode = FALSE
	EndGlobalSection
	GlobalSection(ExtensibilityGlobals) = postSolution
		SolutionGuid = {282C9C02-DD86-4ACE-80EB-3FF8831311C9}
	EndGlobalSection
EndGlobal
